{
  "name": "foliate",
  "version": "3.1.1",
  "lockfileVersion": 3,
  "requires": true,
  "packages": {
    "": {
      "name": "foliate",
      "version": "3.1.1",
      "license": "GPL-3.0-or-later",
      "devDependencies": {
        "@eslint/js": "^9.9.1",
        "globals": "^15.9.0"
      }
    },
    "node_modules/@eslint/js": {
      "version": "9.10.0",
      "resolved": "https://registry.npmjs.org/@eslint/js/-/js-9.10.0.tgz",
      "integrity": "sha512-fuXtbiP5GWIn8Fz+LWoOMVf/Jxm+aajZYkhi6CuEm4SxymFM+eUWzbO9qXT+L0iCkL5+KGYMCSGxo686H19S1g==",
      "dev": true,
      "license": "MIT",
      "engines": {
        "node": "^18.18.0 || ^20.9.0 || >=21.1.0"
      }
    },
    "node_modules/globals": {
      "version": "15.9.0",
      "resolved": "https://registry.npmjs.org/globals/-/globals-15.9.0.tgz",
      "integrity": "sha512-SmSKyLLKFbSr6rptvP8izbyxJL4ILwqO9Jg23UA0sDlGlu58V59D1//I3vlc0KJphVdUR7vMjHIplYnzBxorQA==",
      "dev": true,
      "license": "MIT",
      "engines": {
        "node": ">=18"
      },
      "funding": {
        "url": "https://github.com/sponsors/sindresorhus"
      }
    }
  }
}
